
Microsoft Visual Studio Solution File, Format Version 12.00
# Visual Studio Version 16
VisualStudioVersion = 16.0.29318.209
MinimumVisualStudioVersion = 10.0.40219.1
Project("{FAE04EC0-301F-11D3-BF4B-00C04F79EFBC}") = "CoreApiTesting", "CoreApiTesting\CoreApiTesting.csproj", "{9C485CFC-01C6-4773-975E-D913700F825E}"
EndProject
Project("{FAE04EC0-301F-11D3-BF4B-00C04F79EFBC}") = "ApiConsumerTest", "ApiConsumerTest\ApiConsumerTest.csproj", "{897E51AB-2C62-42DF-9F49-68DA3D4D5690}"
EndProject
Global
	GlobalSection(SolutionConfigurationPlatforms) = preSolution
		Debug|Any CPU = Debug|Any CPU
		Release|Any CPU = Release|Any CPU
	EndGlobalSection
	GlobalSection(ProjectConfigurationPlatforms) = postSolution
		{9C485CFC-01C6-4773-975E-D913700F825E}.Debug|Any CPU.ActiveCfg = Debug|Any CPU
		{9C485CFC-01C6-4773-975E-D913700F825E}.Debug|Any CPU.Build.0 = Debug|Any CPU
		{9C485CFC-01C6-4773-975E-D913700F825E}.Release|Any CPU.ActiveCfg = Release|Any CPU
		{9C485CFC-01C6-4773-975E-D913700F825E}.Release|Any CPU.Build.0 = Release|Any CPU
		{897E51AB-2C62-42DF-9F49-68DA3D4D5690}.Debug|Any CPU.ActiveCfg = Debug|Any CPU
		{897E51AB-2C62-42DF-9F49-68DA3D4D5690}.Debug|Any CPU.Build.0 = Debug|Any CPU
		{897E51AB-2C62-42DF-9F49-68DA3D4D5690}.Release|Any CPU.ActiveCfg = Release|Any CPU
		{897E51AB-2C62-42DF-9F49-68DA3D4D5690}.Release|Any CPU.Build.0 = Release|Any CPU
	EndGlobalSection
	GlobalSection(SolutionProperties) = preSolution
		HideSolutionNode = FALSE
	EndGlobalSection
	GlobalSection(ExtensibilityGlobals) = postSolution
		SolutionGuid = {8250D995-CE2F-4351-912F-2D3D99DB5C78}
	EndGlobalSection
EndGlobal
